
Microsoft Visual Studio Solution File, Format Version 12.00
# Visual Studio Version 16
VisualStudioVersion = 16.0.29911.84
MinimumVisualStudioVersion = 10.0.40219.1
Project("{FAE04EC0-301F-11D3-BF4B-00C04F79EFBC}") = "NexusCRM", "NexusCRM\NexusCRM.csproj", "{8772DFA3-ACD0-4CC4-8623-EBA78276B7CF}"
EndProject
Global
	GlobalSection(SolutionConfigurationPlatforms) = preSolution
		Debug|Any CPU = Debug|Any CPU
		Release|Any CPU = Release|Any CPU
	EndGlobalSection
	GlobalSection(ProjectConfigurationPlatforms) = postSolution
		{8772DFA3-ACD0-4CC4-8623-EBA78276B7CF}.Debug|Any CPU.ActiveCfg = Debug|Any CPU
		{8772DFA3-ACD0-4CC4-8623-EBA78276B7CF}.Debug|Any CPU.Build.0 = Debug|Any CPU
		{8772DFA3-ACD0-4CC4-8623-EBA78276B7CF}.Release|Any CPU.ActiveCfg = Release|Any CPU
		{8772DFA3-ACD0-4CC4-8623-EBA78276B7CF}.Release|Any CPU.Build.0 = Release|Any CPU
	EndGlobalSection
	GlobalSection(SolutionProperties) = preSolution
		HideSolutionNode = FALSE
	EndGlobalSection
	GlobalSection(ExtensibilityGlobals) = postSolution
		SolutionGuid = {3644F9CB-5841-42E6-8D7B-3B2085CEABA2}
	EndGlobalSection
EndGlobal
